# This file was autogenerated by Stack.
# You should not edit this file by hand.
# For more information, please see the documentation at:
#   https://docs.haskellstack.org/en/stable/lock_files

packages:
- completed:
    hackage: finite-field-0.9.0@sha256:b7c1cca33f3b1330247120aa54c802f4b9cbc35719148c7c3fac73c982ddf187,2125
    pantry-tree:
      size: 633
      sha256: 7401b20d0eb2d9de64926cf2f9ee34e4dc71ce88fd4358eb30dda7d0817dd539
  original:
    hackage: finite-field-0.9.0
snapshots:
- completed:
    size: 517993
    url: https://raw.githubusercontent.com/commercialhaskell/stackage-snapshots/master/lts/8/23.yaml
    sha256: da2ea0a098b806b1fb33b66b795a356cab650fd269cf4b00bb78f3bd321a4174
  original: lts-8.23
