# This file was autogenerated by Stack.
# You should not edit this file by hand.
# For more information, please see the documentation at:
#   https://docs.haskellstack.org/en/stable/lock_files

packages:
- completed:
    hackage: finite-field-0.10.0@sha256:f676a7abf829f27fee189036219c0326dce68a435bcdddc26319afff4008d8f4,2164
    pantry-tree:
      sha256: fa3b82854d4112e43eb27e3666bd2e9802d5adf9af20a3a4236b98de12e3c029
      size: 633
  original:
    hackage: finite-field-0.10.0
snapshots:
- completed:
    sha256: 5851c9fcb30f350a167916d8873bdd53c149ce73ceb9637f4caba0cd554c2af6
    size: 732465
    url: https://raw.githubusercontent.com/commercialhaskell/stackage-snapshots/master/lts/24/60.yaml
  original: lts-24.60
